// !$*UTF8*$!
{
	archiveVersion = 1;
	classes = {
	};
	objectVersion = 46;
	objects = {

/* Begin PBXBuildFile section */
		1C896F5E1A4B093A00C55178 /* main.m in Sources */ = {isa = PBXBuildFile; fileRef = 1C896F5D1A4B093A00C55178 /* main.m */; };
		1C896F611A4B093A00C55178 /* AppDelegate.m in Sources */ = {isa = PBXBuildFile; fileRef = 1C896F601A4B093A00C55178 /* AppDelegate.m */; };
		1C896F641A4B093A00C55178 /* ViewController.m in Sources */ = {isa = PBXBuildFile; fileRef = 1C896F631A4B093A00C55178 /* ViewController.m */; };
		1C896F671A4B093A00C55178 /* Main.storyboard in Resources */ = {isa = PBXBuildFile; fileRef = 1C896F651A4B093A00C55178 /* Main.storyboard */; };
		1C896F691A4B093A00C55178 /* Images.xcassets in Resources */ = {isa = PBXBuildFile; fileRef = 1C896F681A4B093A00C55178 /* Images.xcassets */; };
		1C896F6C1A4B093A00C55178 /* LaunchScreen.xib in Resources */ = {isa = PBXBuildFile; fileRef = 1C896F6A1A4B093A00C55178 /* LaunchScreen.xib */; };
		1C896F781A4B093A00C55178 /* testTests.m in Sources */ = {isa = PBXBuildFile; fileRef = 1C896F771A4B093A00C55178 /* testTests.m */; };
/* End PBXBuildFile section */

/* Begin PBXContainerItemProxy section */
		1C896F721A4B093A00C55178 /* PBXContainerItemProxy */ = {
			isa = PBXContainerItemProxy;
			containerPortal = 1C896F501A4B093A00C55178 /* Project object */;
			proxyType = 1;
			remoteGlobalIDString = 1C896F571A4B093A00C55178;
			remoteInfo = test;
		};
/* End PBXContainerItemProxy section */

/* Begin PBXFileReference section */
		1C896F581A4B093A00C55178 /* test.app */ = {isa = PBXFileReference; explicitFileType = wrapper.application; includeInIndex = 0; path = test.app; sourceTree = BUILT_PRODUCTS_DIR; };
		1C896F5C1A4B093A00C55178 /* Info.plist */ = {isa = PBXFileReference; lastKnownFileType = text.plist.xml; path = Info.plist; sourceTree = "<group>"; };
		1C896F5D1A4B093A00C55178 /* main.m */ = {isa = PBXFileReference; lastKnownFileType = sourcecode.c.objc; path = main.m; sourceTree = "<group>"; };
		1C896F5F1A4B093A00C55178 /* AppDelegate.h */ = {isa = PBXFileReference; lastKnownFileType = sourcecode.c.h; path = AppDelegate.h; sourceTree = "<group>"; };
		1C896F601A4B093A00C55178 /* AppDelegate.m */ = {isa = PBXFileReference; lastKnownFileType = sourcecode.c.objc; path = AppDelegate.m; sourceTree = "<group>"; };
		1C896F621A4B093A00C55178 /* ViewController.h */ = {isa = PBXFileReference; lastKnownFileType = sourcecode.c.h; path = ViewController.h; sourceTree = "<group>"; };
		1C896F631A4B093A00C55178 /* ViewController.m */ = {isa = PBXFileReference; lastKnownFileType = sourcecode.c.objc; path = ViewController.m; sourceTree = "<group>"; };
		1C896F661A4B093A00C55178 /* Base */ = {isa = PBXFileReference; lastKnownFileType = file.storyboard; name = Base; path = Base.lproj/Main.storyboard; sourceTree = "<group>"; };
		1C896F681A4B093A00C55178 /* Images.xcassets */ = {isa = PBXFileReference; lastKnownFileType = folder.assetcatalog; path = Images.xcassets; sourceTree = "<group>"; };
		1C896F6B1A4B093A00C55178 /* Base */ = {isa = PBXFileReference; lastKnownFileType = file.xib; name = Base; path = Base.lproj/LaunchScreen.xib; sourceTree = "<group>"; };
		1C896F711A4B093A00C55178 /* testTests.xctest */ = {isa = PBXFileReference; explicitFileType = wrapper.cfbundle; includeInIndex = 0; path = testTests.xctest; sourceTree = BUILT_PRODUCTS_DIR; };
		1C896F761A4B093A00C55178 /* Info.plist */ = {isa = PBXFileReference; lastKnownFileType = text.plist.xml; path = Info.plist; sourceTree = "<group>"; };
		1C896F771A4B093A00C55178 /* testTests.m */ = {isa = PBXFileReference; lastKnownFileType = sourcecode.c.objc; path = testTests.m; sourceTree = "<group>"; };
/* End PBXFileReference section */

/* Begin PBXFrameworksBuildPhase section */
		1C896F551A4B093A00C55178 /* Frameworks */ = {
			isa = PBXFrameworksBuildPhase;
			buildActionMask = 2147483647;
			files = (
			);
			runOnlyForDeploymentPostprocessing = 0;
		};
		1C896F6E1A4B093A00C55178 /* Frameworks */ = {
			isa = PBXFrameworksBuildPhase;
			buildActionMask = 2147483647;
			files = (
			);
			runOnlyForDeploymentPostprocessing = 0;
		};
/* End PBXFrameworksBuildPhase section */

/* Begin PBXGroup section */
		1C896F4F1A4B093A00C55178 = {
			isa = PBXGroup;
			children = (
				1C896F5A1A4B093A00C55178 /* test */,
				1C896F741A4B093A00C55178 /* testTests */,
				1C896F591A4B093A00C55178 /* Products */,
			);
			sourceTree = "<group>";
		};
		1C896F591A4B093A00C55178 /* Products */ = {
			isa = PBXGroup;
			children = (
				1C896F581A4B093A00C55178 /* test.app */,
				1C896F711A4B093A00C55178 /* testTests.xctest */,
			);
			name = Products;
			sourceTree = "<group>";
		};
		1C896F5A1A4B093A00C55178 /* test */ = {
			isa = PBXGroup;
			children = (
				1C896F5F1A4B093A00C55178 /* AppDelegate.h */,
				1C896F601A4B093A00C55178 /* AppDelegate.m */,
				1C896F621A4B093A00C55178 /* ViewController.h */,
				1C896F631A4B093A00C55178 /* ViewController.m */,
				1C896F651A4B093A00C55178 /* Main.storyboard */,
				1C896F681A4B093A00C55178 /* Images.xcassets */,
				1C896F6A1A4B093A00C55178 /* LaunchScreen.xib */,
				1C896F5B1A4B093A00C55178 /* Supporting Files */,
			);
			path = test;
			sourceTree = "<group>";
		};
		1C896F5B1A4B093A00C55178 /* Supporting Files */ = {
			isa = PBXGroup;
			children = (
				1C896F5C1A4B093A00C55178 /* Info.plist */,
				1C896F5D1A4B093A00C55178 /* main.m */,
			);
			name = "Supporting Files";
			sourceTree = "<group>";
		};
		1C896F741A4B093A00C55178 /* testTests */ = {
			isa = PBXGroup;
			children = (
				1C896F771A4B093A00C55178 /* testTests.m */,
				1C896F751A4B093A00C55178 /* Supporting Files */,
			);
			path = testTests;
			sourceTree = "<group>";
		};
		1C896F751A4B093A00C55178 /* Supporting Files */ = {
			isa = PBXGroup;
			children = (
				1C896F761A4B093A00C55178 /* Info.plist */,
			);
			name = "Supporting Files";
			sourceTree = "<group>";
		};
/* End PBXGroup section */

/* Begin PBXNativeTarget section */
		1C896F571A4B093A00C55178 /* test */ = {
			isa = PBXNativeTarget;
			buildConfigurationList = 1C896F7B1A4B093A00C55178 /* Build configuration list for PBXNativeTarget "test" */;
			buildPhases = (
				1C896F541A4B093A00C55178 /* Sources */,
				1C896F551A4B093A00C55178 /* Frameworks */,
				1C896F561A4B093A00C55178 /* Resources */,
			);
			buildRules = (
			);
			dependencies = (
			);
			name = test;
			productName = test;
			productReference = 1C896F581A4B093A00C55178 /* test.app */;
			productType = "com.apple.product-type.application";
		};
		1C896F701A4B093A00C55178 /* testTests */ = {
			isa = PBXNativeTarget;
			buildConfigurationList = 1C896F7E1A4B093A00C55178 /* Build configuration list for PBXNativeTarget "testTests" */;
			buildPhases = (
				1C896F6D1A4B093A00C55178 /* Sources */,
				1C896F6E1A4B093A00C55178 /* Frameworks */,
				1C896F6F1A4B093A00C55178 /* Resources */,
			);
			buildRules = (
			);
			dependencies = (
				1C896F731A4B093A00C55178 /* PBXTargetDependency */,
			);
			name = testTests;
			productName = testTests;
			productReference = 1C896F711A4B093A00C55178 /* testTests.xctest */;
			productType = "com.apple.product-type.bundle.unit-test";
		};
/* End PBXNativeTarget section */

/* Begin PBXProject section */
		1C896F501A4B093A00C55178 /* Project object */ = {
			isa = PBXProject;
			attributes = {
				LastUpgradeCheck = 0610;
				ORGANIZATIONNAME = xubojoy;
				TargetAttributes = {
					1C896F571A4B093A00C55178 = {
						CreatedOnToolsVersion = 6.1.1;
					};
					1C896F701A4B093A00C55178 = {
						CreatedOnToolsVersion = 6.1.1;
						TestTargetID = 1C896F571A4B093A00C55178;
					};
				};
			};
			buildConfigurationList = 1C896F531A4B093A00C55178 /* Build configuration list for PBXProject "test" */;
			compatibilityVersion = "Xcode 3.2";
			developmentRegion = English;
			hasScannedForEncodings = 0;
			knownRegions = (
				en,
				Base,
			);
			mainGroup = 1C896F4F1A4B093A00C55178;
			productRefGroup = 1C896F591A4B093A00C55178 /* Products */;
			projectDirPath = "";
			projectRoot = "";
			targets = (
				1C896F571A4B093A00C55178 /* test */,
				1C896F701A4B093A00C55178 /* testTests */,
			);
		};
/* End PBXProject section */

/* Begin PBXResourcesBuildPhase section */
		1C896F561A4B093A00C55178 /* Resources */ = {
			isa = PBXResourcesBuildPhase;
			buildActionMask = 2147483647;
			files = (
				1C896F671A4B093A00C55178 /* Main.storyboard in Resources */,
				1C896F6C1A4B093A00C55178 /* LaunchScreen.xib in Resources */,
				1C896F691A4B093A00C55178 /* Images.xcassets in Resources */,
			);
			runOnlyForDeploymentPostprocessing = 0;
		};
		1C896F6F1A4B093A00C55178 /* Resources */ = {
			isa = PBXResourcesBuildPhase;
			buildActionMask = 2147483647;
			files = (
			);
			runOnlyForDeploymentPostprocessing = 0;
		};
/* End PBXResourcesBuildPhase section */

/* Begin PBXSourcesBuildPhase section */
		1C896F541A4B093A00C55178 /* Sources */ = {
			isa = PBXSourcesBuildPhase;
			buildActionMask = 2147483647;
			files = (
				1C896F641A4B093A00C55178 /* ViewController.m in Sources */,
				1C896F611A4B093A00C55178 /* AppDelegate.m in Sources */,
				1C896F5E1A4B093A00C55178 /* main.m in Sources */,
			);
			runOnlyForDeploymentPostprocessing = 0;
		};
		1C896F6D1A4B093A00C55178 /* Sources */ = {
			isa = PBXSourcesBuildPhase;
			buildActionMask = 2147483647;
			files = (
				1C896F781A4B093A00C55178 /* testTests.m in Sources */,
			);
			runOnlyForDeploymentPostprocessing = 0;
		};
/* End PBXSourcesBuildPhase section */

/* Begin PBXTargetDependency section */
		1C896F731A4B093A00C55178 /* PBXTargetDependency */ = {
			isa = PBXTargetDependency;
			target = 1C896F571A4B093A00C55178 /* test */;
			targetProxy = 1C896F721A4B093A00C55178 /* PBXContainerItemProxy */;
		};
/* End PBXTargetDependency section */

/* Begin PBXVariantGroup section */
		1C896F651A4B093A00C55178 /* Main.storyboard */ = {
			isa = PBXVariantGroup;
			children = (
				1C896F661A4B093A00C55178 /* Base */,
			);
			name = Main.storyboard;
			sourceTree = "<group>";
		};
		1C896F6A1A4B093A00C55178 /* LaunchScreen.xib */ = {
			isa = PBXVariantGroup;
			children = (
				1C896F6B1A4B093A00C55178 /* Base */,
			);
			name = LaunchScreen.xib;
			sourceTree = "<group>";
		};
/* End PBXVariantGroup section */

/* Begin XCBuildConfiguration section */
		1C896F791A4B093A00C55178 /* Debug */ = {
			isa = XCBuildConfiguration;
			buildSettings = {
				ALWAYS_SEARCH_USER_PATHS = NO;
				CLANG_CXX_LANGUAGE_STANDARD = "gnu++0x";
				CLANG_CXX_LIBRARY = "libc++";
				CLANG_ENABLE_MODULES = YES;
				CLANG_ENABLE_OBJC_ARC = YES;
				CLANG_WARN_BOOL_CONVERSION = YES;
				CLANG_WARN_CONSTANT_CONVERSION = YES;
				CLANG_WARN_DIRECT_OBJC_ISA_USAGE = YES_ERROR;
				CLANG_WARN_EMPTY_BODY = YES;
				CLANG_WARN_ENUM_CONVERSION = YES;
				CLANG_WARN_INT_CONVERSION = YES;
				CLANG_WARN_OBJC_ROOT_CLASS = YES_ERROR;
				CLANG_WARN_UNREACHABLE_CODE = YES;
				CLANG_WARN__DUPLICATE_METHOD_MATCH = YES;
				"CODE_SIGN_IDENTITY[sdk=iphoneos*]" = "iPhone Developer";
				COPY_PHASE_STRIP = NO;
				ENABLE_STRICT_OBJC_MSGSEND = YES;
				GCC_C_LANGUAGE_STANDARD = gnu99;
				GCC_DYNAMIC_NO_PIC = NO;
				GCC_OPTIMIZATION_LEVEL = 0;
				GCC_PREPROCESSOR_DEFINITIONS = (
					"DEBUG=1",
					"$(inherited)",
				);
				GCC_SYMBOLS_PRIVATE_EXTERN = NO;
				GCC_WARN_64_TO_32_BIT_CONVERSION = YES;
				GCC_WARN_ABOUT_RETURN_TYPE = YES_ERROR;
				GCC_WARN_UNDECLARED_SELECTOR = YES;
				GCC_WARN_UNINITIALIZED_AUTOS = YES_AGGRESSIVE;
				GCC_WARN_UNUSED_FUNCTION = YES;
				GCC_WARN_UNUSED_VARIABLE = YES;
				IPHONEOS_DEPLOYMENT_TARGET = 8.1;
				MTL_ENABLE_DEBUG_INFO = YES;
				ONLY_ACTIVE_ARCH = YES;
				SDKROOT = iphoneos;
			};
			name = Debug;
		};
		1C896F7A1A4B093A00C55178 /* Release */ = {
			isa = XCBuildConfiguration;
			buildSettings = {
				ALWAYS_SEARCH_USER_PATHS = NO;
				CLANG_CXX_LANGUAGE_STANDARD = "gnu++0x";
				CLANG_CXX_LIBRARY = "libc++";
				CLANG_ENABLE_MODULES = YES;
				CLANG_ENABLE_OBJC_ARC = YES;
				CLANG_WARN_BOOL_CONVERSION = YES;
				CLANG_WARN_CONSTANT_CONVERSION = YES;
				CLANG_WARN_DIRECT_OBJC_ISA_USAGE = YES_ERROR;
				CLANG_WARN_EMPTY_BODY = YES;
				CLANG_WARN_ENUM_CONVERSION = YES;
				CLANG_WARN_INT_CONVERSION = YES;
				CLANG_WARN_OBJC_ROOT_CLASS = YES_ERROR;
				CLANG_WARN_UNREACHABLE_CODE = YES;
				CLANG_WARN__DUPLICATE_METHOD_MATCH = YES;
				"CODE_SIGN_IDENTITY[sdk=iphoneos*]" = "iPhone Developer";
				COPY_PHASE_STRIP = YES;
				ENABLE_NS_ASSERTIONS = NO;
				ENABLE_STRICT_OBJC_MSGSEND = YES;
				GCC_C_LANGUAGE_STANDARD = gnu99;
				GCC_WARN_64_TO_32_BIT_CONVERSION = YES;
				GCC_WARN_ABOUT_RETURN_TYPE = YES_ERROR;
				GCC_WARN_UNDECLARED_SELECTOR = YES;
				GCC_WARN_UNINITIALIZED_AUTOS = YES_AGGRESSIVE;
				GCC_WARN_UNUSED_FUNCTION = YES;
				GCC_WARN_UNUSED_VARIABLE = YES;
				IPHONEOS_DEPLOYMENT_TARGET = 8.1;
				MTL_ENABLE_DEBUG_INFO = NO;
				SDKROOT = iphoneos;
				VALIDATE_PRODUCT = YES;
			};
			name = Release;
		};
		1C896F7C1A4B093A00C55178 /* Debug */ = {
			isa = XCBuildConfiguration;
			buildSettings = {
				ASSETCATALOG_COMPILER_APPICON_NAME = AppIcon;
				INFOPLIST_FILE = test/Info.plist;
				LD_RUNPATH_SEARCH_PATHS = "$(inherited) @executable_path/Frameworks";
				PRODUCT_NAME = "$(TARGET_NAME)";
			};
			name = Debug;
		};
		1C896F7D1A4B093A00C55178 /* Release */ = {
			isa = XCBuildConfiguration;
			buildSettings = {
				ASSETCATALOG_COMPILER_APPICON_NAME = AppIcon;
				INFOPLIST_FILE = test/Info.plist;
				LD_RUNPATH_SEARCH_PATHS = "$(inherited) @executable_path/Frameworks";
				PRODUCT_NAME = "$(TARGET_NAME)";
			};
			name = Release;
		};
		1C896F7F1A4B093A00C55178 /* Debug */ = {
			isa = XCBuildConfiguration;
			buildSettings = {
				BUNDLE_LOADER = "$(TEST_HOST)";
				FRAMEWORK_SEARCH_PATHS = (
					"$(SDKROOT)/Developer/Library/Frameworks",
					"$(inherited)",
				);
				GCC_PREPROCESSOR_DEFINITIONS = (
					"DEBUG=1",
					"$(inherited)",
				);
				INFOPLIST_FILE = testTests/Info.plist;
				LD_RUNPATH_SEARCH_PATHS = "$(inherited) @executable_path/Frameworks @loader_path/Frameworks";
				PRODUCT_NAME = "$(TARGET_NAME)";
				TEST_HOST = "$(BUILT_PRODUCTS_DIR)/test.app/test";
			};
			name = Debug;
		};
		1C896F801A4B093A00C55178 /* Release */ = {
			isa = XCBuildConfiguration;
			buildSettings = {
				BUNDLE_LOADER = "$(TEST_HOST)";
				FRAMEWORK_SEARCH_PATHS = (
					"$(SDKROOT)/Developer/Library/Frameworks",
					"$(inherited)",
				);
				INFOPLIST_FILE = testTests/Info.plist;
				LD_RUNPATH_SEARCH_PATHS = "$(inherited) @executable_path/Frameworks @loader_path/Frameworks";
				PRODUCT_NAME = "$(TARGET_NAME)";
				TEST_HOST = "$(BUILT_PRODUCTS_DIR)/test.app/test";
			};
			name = Release;
		};
/* End XCBuildConfiguration section */

/* Begin XCConfigurationList section */
		1C896F531A4B093A00C55178 /* Build configuration list for PBXProject "test" */ = {
			isa = XCConfigurationList;
			buildConfigurations = (
				1C896F791A4B093A00C55178 /* Debug */,
				1C896F7A1A4B093A00C55178 /* Release */,
			);
			defaultConfigurationIsVisible = 0;
			defaultConfigurationName = Release;
		};
		1C896F7B1A4B093A00C55178 /* Build configuration list for PBXNativeTarget "test" */ = {
			isa = XCConfigurationList;
			buildConfigurations = (
				1C896F7C1A4B093A00C55178 /* Debug */,
				1C896F7D1A4B093A00C55178 /* Release */,
			);
			defaultConfigurationIsVisible = 0;
		};
		1C896F7E1A4B093A00C55178 /* Build configuration list for PBXNativeTarget "testTests" */ = {
			isa = XCConfigurationList;
			buildConfigurations = (
				1C896F7F1A4B093A00C55178 /* Debug */,
				1C896F801A4B093A00C55178 /* Release */,
			);
			defaultConfigurationIsVisible = 0;
		};
/* End XCConfigurationList section */
	};
	rootObject = 1C896F501A4B093A00C55178 /* Project object */;
}
