// !$*UTF8*$!
{
	archiveVersion = 1;
	classes = {
	};
	objectVersion = 46;
	objects = {

/* Begin PBXBuildFile section */
		1CCD75341A499BC30087F02D /* main.m in Sources */ = {isa = PBXBuildFile; fileRef = 1CCD75331A499BC30087F02D /* main.m */; };
		1CCD75371A499BC30087F02D /* AppDelegate.m in Sources */ = {isa = PBXBuildFile; fileRef = 1CCD75361A499BC30087F02D /* AppDelegate.m */; };
		1CCD753A1A499BC30087F02D /* ViewController.m in Sources */ = {isa = PBXBuildFile; fileRef = 1CCD75391A499BC30087F02D /* ViewController.m */; };
		1CCD753D1A499BC30087F02D /* Main.storyboard in Resources */ = {isa = PBXBuildFile; fileRef = 1CCD753B1A499BC30087F02D /* Main.storyboard */; };
		1CCD753F1A499BC30087F02D /* Images.xcassets in Resources */ = {isa = PBXBuildFile; fileRef = 1CCD753E1A499BC30087F02D /* Images.xcassets */; };
		1CCD75421A499BC30087F02D /* LaunchScreen.xib in Resources */ = {isa = PBXBuildFile; fileRef = 1CCD75401A499BC30087F02D /* LaunchScreen.xib */; };
		1CCD754E1A499BC30087F02D /* CollectionViewTestTests.m in Sources */ = {isa = PBXBuildFile; fileRef = 1CCD754D1A499BC30087F02D /* CollectionViewTestTests.m */; };
		1CCD755A1A49A2BD0087F02D /* MyCollectionViewCell.m in Sources */ = {isa = PBXBuildFile; fileRef = 1CCD75581A49A2BD0087F02D /* MyCollectionViewCell.m */; };
		1CCD755B1A49A2BD0087F02D /* MyCollectionViewCell.xib in Resources */ = {isa = PBXBuildFile; fileRef = 1CCD75591A49A2BD0087F02D /* MyCollectionViewCell.xib */; };
/* End PBXBuildFile section */

/* Begin PBXContainerItemProxy section */
		1CCD75481A499BC30087F02D /* PBXContainerItemProxy */ = {
			isa = PBXContainerItemProxy;
			containerPortal = 1CCD75261A499BC30087F02D /* Project object */;
			proxyType = 1;
			remoteGlobalIDString = 1CCD752D1A499BC30087F02D;
			remoteInfo = CollectionViewTest;
		};
/* End PBXContainerItemProxy section */

/* Begin PBXFileReference section */
		1CCD752E1A499BC30087F02D /* CollectionViewTest.app */ = {isa = PBXFileReference; explicitFileType = wrapper.application; includeInIndex = 0; path = CollectionViewTest.app; sourceTree = BUILT_PRODUCTS_DIR; };
		1CCD75321A499BC30087F02D /* Info.plist */ = {isa = PBXFileReference; lastKnownFileType = text.plist.xml; path = Info.plist; sourceTree = "<group>"; };
		1CCD75331A499BC30087F02D /* main.m */ = {isa = PBXFileReference; lastKnownFileType = sourcecode.c.objc; path = main.m; sourceTree = "<group>"; };
		1CCD75351A499BC30087F02D /* AppDelegate.h */ = {isa = PBXFileReference; lastKnownFileType = sourcecode.c.h; path = AppDelegate.h; sourceTree = "<group>"; };
		1CCD75361A499BC30087F02D /* AppDelegate.m */ = {isa = PBXFileReference; lastKnownFileType = sourcecode.c.objc; path = AppDelegate.m; sourceTree = "<group>"; };
		1CCD75381A499BC30087F02D /* ViewController.h */ = {isa = PBXFileReference; lastKnownFileType = sourcecode.c.h; path = ViewController.h; sourceTree = "<group>"; };
		1CCD75391A499BC30087F02D /* ViewController.m */ = {isa = PBXFileReference; lastKnownFileType = sourcecode.c.objc; path = ViewController.m; sourceTree = "<group>"; };
		1CCD753C1A499BC30087F02D /* Base */ = {isa = PBXFileReference; lastKnownFileType = file.storyboard; name = Base; path = Base.lproj/Main.storyboard; sourceTree = "<group>"; };
		1CCD753E1A499BC30087F02D /* Images.xcassets */ = {isa = PBXFileReference; lastKnownFileType = folder.assetcatalog; path = Images.xcassets; sourceTree = "<group>"; };
		1CCD75411A499BC30087F02D /* Base */ = {isa = PBXFileReference; lastKnownFileType = file.xib; name = Base; path = Base.lproj/LaunchScreen.xib; sourceTree = "<group>"; };
		1CCD75471A499BC30087F02D /* CollectionViewTestTests.xctest */ = {isa = PBXFileReference; explicitFileType = wrapper.cfbundle; includeInIndex = 0; path = CollectionViewTestTests.xctest; sourceTree = BUILT_PRODUCTS_DIR; };
		1CCD754C1A499BC30087F02D /* Info.plist */ = {isa = PBXFileReference; lastKnownFileType = text.plist.xml; path = Info.plist; sourceTree = "<group>"; };
		1CCD754D1A499BC30087F02D /* CollectionViewTestTests.m */ = {isa = PBXFileReference; lastKnownFileType = sourcecode.c.objc; path = CollectionViewTestTests.m; sourceTree = "<group>"; };
		1CCD75571A49A2BD0087F02D /* MyCollectionViewCell.h */ = {isa = PBXFileReference; fileEncoding = 4; lastKnownFileType = sourcecode.c.h; path = MyCollectionViewCell.h; sourceTree = "<group>"; };
		1CCD75581A49A2BD0087F02D /* MyCollectionViewCell.m */ = {isa = PBXFileReference; fileEncoding = 4; lastKnownFileType = sourcecode.c.objc; path = MyCollectionViewCell.m; sourceTree = "<group>"; };
		1CCD75591A49A2BD0087F02D /* MyCollectionViewCell.xib */ = {isa = PBXFileReference; fileEncoding = 4; lastKnownFileType = file.xib; path = MyCollectionViewCell.xib; sourceTree = "<group>"; };
/* End PBXFileReference section */

/* Begin PBXFrameworksBuildPhase section */
		1CCD752B1A499BC30087F02D /* Frameworks */ = {
			isa = PBXFrameworksBuildPhase;
			buildActionMask = 2147483647;
			files = (
			);
			runOnlyForDeploymentPostprocessing = 0;
		};
		1CCD75441A499BC30087F02D /* Frameworks */ = {
			isa = PBXFrameworksBuildPhase;
			buildActionMask = 2147483647;
			files = (
			);
			runOnlyForDeploymentPostprocessing = 0;
		};
/* End PBXFrameworksBuildPhase section */

/* Begin PBXGroup section */
		1CCD75251A499BC30087F02D = {
			isa = PBXGroup;
			children = (
				1CCD75301A499BC30087F02D /* CollectionViewTest */,
				1CCD754A1A499BC30087F02D /* CollectionViewTestTests */,
				1CCD752F1A499BC30087F02D /* Products */,
			);
			sourceTree = "<group>";
		};
		1CCD752F1A499BC30087F02D /* Products */ = {
			isa = PBXGroup;
			children = (
				1CCD752E1A499BC30087F02D /* CollectionViewTest.app */,
				1CCD75471A499BC30087F02D /* CollectionViewTestTests.xctest */,
			);
			name = Products;
			sourceTree = "<group>";
		};
		1CCD75301A499BC30087F02D /* CollectionViewTest */ = {
			isa = PBXGroup;
			children = (
				1CCD75351A499BC30087F02D /* AppDelegate.h */,
				1CCD75361A499BC30087F02D /* AppDelegate.m */,
				1CCD75381A499BC30087F02D /* ViewController.h */,
				1CCD75391A499BC30087F02D /* ViewController.m */,
				1CCD75571A49A2BD0087F02D /* MyCollectionViewCell.h */,
				1CCD75581A49A2BD0087F02D /* MyCollectionViewCell.m */,
				1CCD75591A49A2BD0087F02D /* MyCollectionViewCell.xib */,
				1CCD753B1A499BC30087F02D /* Main.storyboard */,
				1CCD753E1A499BC30087F02D /* Images.xcassets */,
				1CCD75401A499BC30087F02D /* LaunchScreen.xib */,
				1CCD75311A499BC30087F02D /* Supporting Files */,
			);
			path = CollectionViewTest;
			sourceTree = "<group>";
		};
		1CCD75311A499BC30087F02D /* Supporting Files */ = {
			isa = PBXGroup;
			children = (
				1CCD75321A499BC30087F02D /* Info.plist */,
				1CCD75331A499BC30087F02D /* main.m */,
			);
			name = "Supporting Files";
			sourceTree = "<group>";
		};
		1CCD754A1A499BC30087F02D /* CollectionViewTestTests */ = {
			isa = PBXGroup;
			children = (
				1CCD754D1A499BC30087F02D /* CollectionViewTestTests.m */,
				1CCD754B1A499BC30087F02D /* Supporting Files */,
			);
			path = CollectionViewTestTests;
			sourceTree = "<group>";
		};
		1CCD754B1A499BC30087F02D /* Supporting Files */ = {
			isa = PBXGroup;
			children = (
				1CCD754C1A499BC30087F02D /* Info.plist */,
			);
			name = "Supporting Files";
			sourceTree = "<group>";
		};
/* End PBXGroup section */

/* Begin PBXNativeTarget section */
		1CCD752D1A499BC30087F02D /* CollectionViewTest */ = {
			isa = PBXNativeTarget;
			buildConfigurationList = 1CCD75511A499BC30087F02D /* Build configuration list for PBXNativeTarget "CollectionViewTest" */;
			buildPhases = (
				1CCD752A1A499BC30087F02D /* Sources */,
				1CCD752B1A499BC30087F02D /* Frameworks */,
				1CCD752C1A499BC30087F02D /* Resources */,
			);
			buildRules = (
			);
			dependencies = (
			);
			name = CollectionViewTest;
			productName = CollectionViewTest;
			productReference = 1CCD752E1A499BC30087F02D /* CollectionViewTest.app */;
			productType = "com.apple.product-type.application";
		};
		1CCD75461A499BC30087F02D /* CollectionViewTestTests */ = {
			isa = PBXNativeTarget;
			buildConfigurationList = 1CCD75541A499BC30087F02D /* Build configuration list for PBXNativeTarget "CollectionViewTestTests" */;
			buildPhases = (
				1CCD75431A499BC30087F02D /* Sources */,
				1CCD75441A499BC30087F02D /* Frameworks */,
				1CCD75451A499BC30087F02D /* Resources */,
			);
			buildRules = (
			);
			dependencies = (
				1CCD75491A499BC30087F02D /* PBXTargetDependency */,
			);
			name = CollectionViewTestTests;
			productName = CollectionViewTestTests;
			productReference = 1CCD75471A499BC30087F02D /* CollectionViewTestTests.xctest */;
			productType = "com.apple.product-type.bundle.unit-test";
		};
/* End PBXNativeTarget section */

/* Begin PBXProject section */
		1CCD75261A499BC30087F02D /* Project object */ = {
			isa = PBXProject;
			attributes = {
				LastUpgradeCheck = 0610;
				ORGANIZATIONNAME = xubojoy;
				TargetAttributes = {
					1CCD752D1A499BC30087F02D = {
						CreatedOnToolsVersion = 6.1.1;
					};
					1CCD75461A499BC30087F02D = {
						CreatedOnToolsVersion = 6.1.1;
						TestTargetID = 1CCD752D1A499BC30087F02D;
					};
				};
			};
			buildConfigurationList = 1CCD75291A499BC30087F02D /* Build configuration list for PBXProject "CollectionViewTest" */;
			compatibilityVersion = "Xcode 3.2";
			developmentRegion = English;
			hasScannedForEncodings = 0;
			knownRegions = (
				en,
				Base,
			);
			mainGroup = 1CCD75251A499BC30087F02D;
			productRefGroup = 1CCD752F1A499BC30087F02D /* Products */;
			projectDirPath = "";
			projectRoot = "";
			targets = (
				1CCD752D1A499BC30087F02D /* CollectionViewTest */,
				1CCD75461A499BC30087F02D /* CollectionViewTestTests */,
			);
		};
/* End PBXProject section */

/* Begin PBXResourcesBuildPhase section */
		1CCD752C1A499BC30087F02D /* Resources */ = {
			isa = PBXResourcesBuildPhase;
			buildActionMask = 2147483647;
			files = (
				1CCD753D1A499BC30087F02D /* Main.storyboard in Resources */,
				1CCD75421A499BC30087F02D /* LaunchScreen.xib in Resources */,
				1CCD755B1A49A2BD0087F02D /* MyCollectionViewCell.xib in Resources */,
				1CCD753F1A499BC30087F02D /* Images.xcassets in Resources */,
			);
			runOnlyForDeploymentPostprocessing = 0;
		};
		1CCD75451A499BC30087F02D /* Resources */ = {
			isa = PBXResourcesBuildPhase;
			buildActionMask = 2147483647;
			files = (
			);
			runOnlyForDeploymentPostprocessing = 0;
		};
/* End PBXResourcesBuildPhase section */

/* Begin PBXSourcesBuildPhase section */
		1CCD752A1A499BC30087F02D /* Sources */ = {
			isa = PBXSourcesBuildPhase;
			buildActionMask = 2147483647;
			files = (
				1CCD753A1A499BC30087F02D /* ViewController.m in Sources */,
				1CCD75371A499BC30087F02D /* AppDelegate.m in Sources */,
				1CCD755A1A49A2BD0087F02D /* MyCollectionViewCell.m in Sources */,
				1CCD75341A499BC30087F02D /* main.m in Sources */,
			);
			runOnlyForDeploymentPostprocessing = 0;
		};
		1CCD75431A499BC30087F02D /* Sources */ = {
			isa = PBXSourcesBuildPhase;
			buildActionMask = 2147483647;
			files = (
				1CCD754E1A499BC30087F02D /* CollectionViewTestTests.m in Sources */,
			);
			runOnlyForDeploymentPostprocessing = 0;
		};
/* End PBXSourcesBuildPhase section */

/* Begin PBXTargetDependency section */
		1CCD75491A499BC30087F02D /* PBXTargetDependency */ = {
			isa = PBXTargetDependency;
			target = 1CCD752D1A499BC30087F02D /* CollectionViewTest */;
			targetProxy = 1CCD75481A499BC30087F02D /* PBXContainerItemProxy */;
		};
/* End PBXTargetDependency section */

/* Begin PBXVariantGroup section */
		1CCD753B1A499BC30087F02D /* Main.storyboard */ = {
			isa = PBXVariantGroup;
			children = (
				1CCD753C1A499BC30087F02D /* Base */,
			);
			name = Main.storyboard;
			sourceTree = "<group>";
		};
		1CCD75401A499BC30087F02D /* LaunchScreen.xib */ = {
			isa = PBXVariantGroup;
			children = (
				1CCD75411A499BC30087F02D /* Base */,
			);
			name = LaunchScreen.xib;
			sourceTree = "<group>";
		};
/* End PBXVariantGroup section */

/* Begin XCBuildConfiguration section */
		1CCD754F1A499BC30087F02D /* Debug */ = {
			isa = XCBuildConfiguration;
			buildSettings = {
				ALWAYS_SEARCH_USER_PATHS = NO;
				CLANG_CXX_LANGUAGE_STANDARD = "gnu++0x";
				CLANG_CXX_LIBRARY = "libc++";
				CLANG_ENABLE_MODULES = YES;
				CLANG_ENABLE_OBJC_ARC = YES;
				CLANG_WARN_BOOL_CONVERSION = YES;
				CLANG_WARN_CONSTANT_CONVERSION = YES;
				CLANG_WARN_DIRECT_OBJC_ISA_USAGE = YES_ERROR;
				CLANG_WARN_EMPTY_BODY = YES;
				CLANG_WARN_ENUM_CONVERSION = YES;
				CLANG_WARN_INT_CONVERSION = YES;
				CLANG_WARN_OBJC_ROOT_CLASS = YES_ERROR;
				CLANG_WARN_UNREACHABLE_CODE = YES;
				CLANG_WARN__DUPLICATE_METHOD_MATCH = YES;
				"CODE_SIGN_IDENTITY[sdk=iphoneos*]" = "iPhone Developer";
				COPY_PHASE_STRIP = NO;
				ENABLE_STRICT_OBJC_MSGSEND = YES;
				GCC_C_LANGUAGE_STANDARD = gnu99;
				GCC_DYNAMIC_NO_PIC = NO;
				GCC_OPTIMIZATION_LEVEL = 0;
				GCC_PREPROCESSOR_DEFINITIONS = (
					"DEBUG=1",
					"$(inherited)",
				);
				GCC_SYMBOLS_PRIVATE_EXTERN = NO;
				GCC_WARN_64_TO_32_BIT_CONVERSION = YES;
				GCC_WARN_ABOUT_RETURN_TYPE = YES_ERROR;
				GCC_WARN_UNDECLARED_SELECTOR = YES;
				GCC_WARN_UNINITIALIZED_AUTOS = YES_AGGRESSIVE;
				GCC_WARN_UNUSED_FUNCTION = YES;
				GCC_WARN_UNUSED_VARIABLE = YES;
				IPHONEOS_DEPLOYMENT_TARGET = 8.1;
				MTL_ENABLE_DEBUG_INFO = YES;
				ONLY_ACTIVE_ARCH = YES;
				SDKROOT = iphoneos;
			};
			name = Debug;
		};
		1CCD75501A499BC30087F02D /* Release */ = {
			isa = XCBuildConfiguration;
			buildSettings = {
				ALWAYS_SEARCH_USER_PATHS = NO;
				CLANG_CXX_LANGUAGE_STANDARD = "gnu++0x";
				CLANG_CXX_LIBRARY = "libc++";
				CLANG_ENABLE_MODULES = YES;
				CLANG_ENABLE_OBJC_ARC = YES;
				CLANG_WARN_BOOL_CONVERSION = YES;
				CLANG_WARN_CONSTANT_CONVERSION = YES;
				CLANG_WARN_DIRECT_OBJC_ISA_USAGE = YES_ERROR;
				CLANG_WARN_EMPTY_BODY = YES;
				CLANG_WARN_ENUM_CONVERSION = YES;
				CLANG_WARN_INT_CONVERSION = YES;
				CLANG_WARN_OBJC_ROOT_CLASS = YES_ERROR;
				CLANG_WARN_UNREACHABLE_CODE = YES;
				CLANG_WARN__DUPLICATE_METHOD_MATCH = YES;
				"CODE_SIGN_IDENTITY[sdk=iphoneos*]" = "iPhone Developer";
				COPY_PHASE_STRIP = YES;
				ENABLE_NS_ASSERTIONS = NO;
				ENABLE_STRICT_OBJC_MSGSEND = YES;
				GCC_C_LANGUAGE_STANDARD = gnu99;
				GCC_WARN_64_TO_32_BIT_CONVERSION = YES;
				GCC_WARN_ABOUT_RETURN_TYPE = YES_ERROR;
				GCC_WARN_UNDECLARED_SELECTOR = YES;
				GCC_WARN_UNINITIALIZED_AUTOS = YES_AGGRESSIVE;
				GCC_WARN_UNUSED_FUNCTION = YES;
				GCC_WARN_UNUSED_VARIABLE = YES;
				IPHONEOS_DEPLOYMENT_TARGET = 8.1;
				MTL_ENABLE_DEBUG_INFO = NO;
				SDKROOT = iphoneos;
				VALIDATE_PRODUCT = YES;
			};
			name = Release;
		};
		1CCD75521A499BC30087F02D /* Debug */ = {
			isa = XCBuildConfiguration;
			buildSettings = {
				ASSETCATALOG_COMPILER_APPICON_NAME = AppIcon;
				ASSETCATALOG_COMPILER_LAUNCHIMAGE_NAME = LaunchImage;
				INFOPLIST_FILE = CollectionViewTest/Info.plist;
				IPHONEOS_DEPLOYMENT_TARGET = 7.0;
				LD_RUNPATH_SEARCH_PATHS = "$(inherited) @executable_path/Frameworks";
				PRODUCT_NAME = "$(TARGET_NAME)";
			};
			name = Debug;
		};
		1CCD75531A499BC30087F02D /* Release */ = {
			isa = XCBuildConfiguration;
			buildSettings = {
				ASSETCATALOG_COMPILER_APPICON_NAME = AppIcon;
				ASSETCATALOG_COMPILER_LAUNCHIMAGE_NAME = LaunchImage;
				INFOPLIST_FILE = CollectionViewTest/Info.plist;
				IPHONEOS_DEPLOYMENT_TARGET = 7.0;
				LD_RUNPATH_SEARCH_PATHS = "$(inherited) @executable_path/Frameworks";
				PRODUCT_NAME = "$(TARGET_NAME)";
			};
			name = Release;
		};
		1CCD75551A499BC30087F02D /* Debug */ = {
			isa = XCBuildConfiguration;
			buildSettings = {
				BUNDLE_LOADER = "$(TEST_HOST)";
				FRAMEWORK_SEARCH_PATHS = (
					"$(SDKROOT)/Developer/Library/Frameworks",
					"$(inherited)",
				);
				GCC_PREPROCESSOR_DEFINITIONS = (
					"DEBUG=1",
					"$(inherited)",
				);
				INFOPLIST_FILE = CollectionViewTestTests/Info.plist;
				LD_RUNPATH_SEARCH_PATHS = "$(inherited) @executable_path/Frameworks @loader_path/Frameworks";
				PRODUCT_NAME = "$(TARGET_NAME)";
				TEST_HOST = "$(BUILT_PRODUCTS_DIR)/CollectionViewTest.app/CollectionViewTest";
			};
			name = Debug;
		};
		1CCD75561A499BC30087F02D /* Release */ = {
			isa = XCBuildConfiguration;
			buildSettings = {
				BUNDLE_LOADER = "$(TEST_HOST)";
				FRAMEWORK_SEARCH_PATHS = (
					"$(SDKROOT)/Developer/Library/Frameworks",
					"$(inherited)",
				);
				INFOPLIST_FILE = CollectionViewTestTests/Info.plist;
				LD_RUNPATH_SEARCH_PATHS = "$(inherited) @executable_path/Frameworks @loader_path/Frameworks";
				PRODUCT_NAME = "$(TARGET_NAME)";
				TEST_HOST = "$(BUILT_PRODUCTS_DIR)/CollectionViewTest.app/CollectionViewTest";
			};
			name = Release;
		};
/* End XCBuildConfiguration section */

/* Begin XCConfigurationList section */
		1CCD75291A499BC30087F02D /* Build configuration list for PBXProject "CollectionViewTest" */ = {
			isa = XCConfigurationList;
			buildConfigurations = (
				1CCD754F1A499BC30087F02D /* Debug */,
				1CCD75501A499BC30087F02D /* Release */,
			);
			defaultConfigurationIsVisible = 0;
			defaultConfigurationName = Release;
		};
		1CCD75511A499BC30087F02D /* Build configuration list for PBXNativeTarget "CollectionViewTest" */ = {
			isa = XCConfigurationList;
			buildConfigurations = (
				1CCD75521A499BC30087F02D /* Debug */,
				1CCD75531A499BC30087F02D /* Release */,
			);
			defaultConfigurationIsVisible = 0;
		};
		1CCD75541A499BC30087F02D /* Build configuration list for PBXNativeTarget "CollectionViewTestTests" */ = {
			isa = XCConfigurationList;
			buildConfigurations = (
				1CCD75551A499BC30087F02D /* Debug */,
				1CCD75561A499BC30087F02D /* Release */,
			);
			defaultConfigurationIsVisible = 0;
		};
/* End XCConfigurationList section */
	};
	rootObject = 1CCD75261A499BC30087F02D /* Project object */;
}
